
Microsoft Visual Studio Solution File, Format Version 12.00
# Visual Studio 15
VisualStudioVersion = 15.0.28307.136
MinimumVisualStudioVersion = 10.0.40219.1
Project("{FAE04EC0-301F-11D3-BF4B-00C04F79EFBC}") = "FibonacciRecursion", "FibonacciRecursion\FibonacciRecursion.csproj", "{68D0CCB0-4A75-4512-AE88-D878B509668A}"
EndProject
Project("{FAE04EC0-301F-11D3-BF4B-00C04F79EFBC}") = "FibonacciDynamic", "FibonacciDynamic\FibonacciDynamic.csproj", "{E5F05294-CEAE-456E-9D3F-2C7AFE85F12D}"
EndProject
Project("{FAE04EC0-301F-11D3-BF4B-00C04F79EFBC}") = "Recursion", "Recursion\Recursion.csproj", "{FC31612D-D83D-4BFC-A675-BBC0134931D2}"
EndProject
Project("{FAE04EC0-301F-11D3-BF4B-00C04F79EFBC}") = "BruteForce", "BruteForce\BruteForce.csproj", "{13C64FA8-6941-446C-8A67-834FDD1CE147}"
EndProject
Project("{FAE04EC0-301F-11D3-BF4B-00C04F79EFBC}") = "KnightMovement", "KnightMovement\KnightMovement.csproj", "{51E44F27-AE64-4DE5-8552-0D709FC764C1}"
EndProject
Global
	GlobalSection(SolutionConfigurationPlatforms) = preSolution
		Debug|Any CPU = Debug|Any CPU
		Release|Any CPU = Release|Any CPU
	EndGlobalSection
	GlobalSection(ProjectConfigurationPlatforms) = postSolution
		{68D0CCB0-4A75-4512-AE88-D878B509668A}.Debug|Any CPU.ActiveCfg = Debug|Any CPU
		{68D0CCB0-4A75-4512-AE88-D878B509668A}.Debug|Any CPU.Build.0 = Debug|Any CPU
		{68D0CCB0-4A75-4512-AE88-D878B509668A}.Release|Any CPU.ActiveCfg = Release|Any CPU
		{68D0CCB0-4A75-4512-AE88-D878B509668A}.Release|Any CPU.Build.0 = Release|Any CPU
		{E5F05294-CEAE-456E-9D3F-2C7AFE85F12D}.Debug|Any CPU.ActiveCfg = Debug|Any CPU
		{E5F05294-CEAE-456E-9D3F-2C7AFE85F12D}.Debug|Any CPU.Build.0 = Debug|Any CPU
		{E5F05294-CEAE-456E-9D3F-2C7AFE85F12D}.Release|Any CPU.ActiveCfg = Release|Any CPU
		{E5F05294-CEAE-456E-9D3F-2C7AFE85F12D}.Release|Any CPU.Build.0 = Release|Any CPU
		{FC31612D-D83D-4BFC-A675-BBC0134931D2}.Debug|Any CPU.ActiveCfg = Debug|Any CPU
		{FC31612D-D83D-4BFC-A675-BBC0134931D2}.Debug|Any CPU.Build.0 = Debug|Any CPU
		{FC31612D-D83D-4BFC-A675-BBC0134931D2}.Release|Any CPU.ActiveCfg = Release|Any CPU
		{FC31612D-D83D-4BFC-A675-BBC0134931D2}.Release|Any CPU.Build.0 = Release|Any CPU
		{13C64FA8-6941-446C-8A67-834FDD1CE147}.Debug|Any CPU.ActiveCfg = Debug|Any CPU
		{13C64FA8-6941-446C-8A67-834FDD1CE147}.Debug|Any CPU.Build.0 = Debug|Any CPU
		{13C64FA8-6941-446C-8A67-834FDD1CE147}.Release|Any CPU.ActiveCfg = Release|Any CPU
		{13C64FA8-6941-446C-8A67-834FDD1CE147}.Release|Any CPU.Build.0 = Release|Any CPU
		{51E44F27-AE64-4DE5-8552-0D709FC764C1}.Debug|Any CPU.ActiveCfg = Debug|Any CPU
		{51E44F27-AE64-4DE5-8552-0D709FC764C1}.Debug|Any CPU.Build.0 = Debug|Any CPU
		{51E44F27-AE64-4DE5-8552-0D709FC764C1}.Release|Any CPU.ActiveCfg = Release|Any CPU
		{51E44F27-AE64-4DE5-8552-0D709FC764C1}.Release|Any CPU.Build.0 = Release|Any CPU
	EndGlobalSection
	GlobalSection(SolutionProperties) = preSolution
		HideSolutionNode = FALSE
	EndGlobalSection
	GlobalSection(ExtensibilityGlobals) = postSolution
		SolutionGuid = {C3541D15-2714-4EA8-A50F-E256DE320E1F}
	EndGlobalSection
EndGlobal
